
Microsoft Visual Studio Solution File, Format Version 12.00
# Visual Studio 14
VisualStudioVersion = 14.0.23107.0
MinimumVisualStudioVersion = 10.0.40219.1
Project("{2150E333-8FDC-42A3-9474-1A3956D46DE8}") = "WebAPI", "WebAPI", "{16417553-3B3A-406B-A62C-1AFCB94C0B2B}"
EndProject
Project("{2150E333-8FDC-42A3-9474-1A3956D46DE8}") = "Shared", "Shared", "{900279D5-B077-4F29-8532-A7CB24631098}"
EndProject
Project("{2150E333-8FDC-42A3-9474-1A3956D46DE8}") = "Shared", "Shared", "{C370F15E-AECD-4558-97F2-14A8A1074A58}"
EndProject
Project("{FAE04EC0-301F-11D3-BF4B-00C04F79EFBC}") = "Common", "EmailService\Common.csproj", "{084D5BCE-B426-43AA-9CD4-1F512B3CF942}"
EndProject
Project("{2150E333-8FDC-42A3-9474-1A3956D46DE8}") = "Tests", "Tests", "{1D876B50-00F4-4437-AE9D-8AE02F41F1B8}"
EndProject
Project("{FAE04EC0-301F-11D3-BF4B-00C04F79EFBC}") = "AzureTests", "AzureTests\AzureTests.csproj", "{E448B9FB-32BB-4410-BFE7-5E1F0A84FBC7}"
EndProject
Project("{FAE04EC0-301F-11D3-BF4B-00C04F79EFBC}") = "Azure.DataTests", "Azure.DataTests1\Azure.DataTests.csproj", "{8F31B74D-1B49-49D7-B031-6A1F319A6EEB}"
EndProject
Project("{FAE04EC0-301F-11D3-BF4B-00C04F79EFBC}") = "MVC", "MVC\MVC.csproj", "{EB1C495E-2D6D-47BD-825B-211AC435F508}"
EndProject
Project("{FAE04EC0-301F-11D3-BF4B-00C04F79EFBC}") = "Azure.Data", "Azure.Data\Azure.Data.csproj", "{23B3D0D9-0F5C-4FD7-BA7E-A9E0C53A86C9}"
EndProject
Project("{FAE04EC0-301F-11D3-BF4B-00C04F79EFBC}") = "Shared", "Azure.Constants\Shared.csproj", "{1BEC8DBC-04F3-4EEA-B3D7-422D80A6ACD1}"
EndProject
Global
	GlobalSection(SolutionConfigurationPlatforms) = preSolution
		Debug|Any CPU = Debug|Any CPU
		Release|Any CPU = Release|Any CPU
	EndGlobalSection
	GlobalSection(ProjectConfigurationPlatforms) = postSolution
		{084D5BCE-B426-43AA-9CD4-1F512B3CF942}.Debug|Any CPU.ActiveCfg = Debug|Any CPU
		{084D5BCE-B426-43AA-9CD4-1F512B3CF942}.Debug|Any CPU.Build.0 = Debug|Any CPU
		{084D5BCE-B426-43AA-9CD4-1F512B3CF942}.Release|Any CPU.ActiveCfg = Release|Any CPU
		{084D5BCE-B426-43AA-9CD4-1F512B3CF942}.Release|Any CPU.Build.0 = Release|Any CPU
		{E448B9FB-32BB-4410-BFE7-5E1F0A84FBC7}.Debug|Any CPU.ActiveCfg = Debug|Any CPU
		{E448B9FB-32BB-4410-BFE7-5E1F0A84FBC7}.Debug|Any CPU.Build.0 = Debug|Any CPU
		{E448B9FB-32BB-4410-BFE7-5E1F0A84FBC7}.Release|Any CPU.ActiveCfg = Release|Any CPU
		{E448B9FB-32BB-4410-BFE7-5E1F0A84FBC7}.Release|Any CPU.Build.0 = Release|Any CPU
		{8F31B74D-1B49-49D7-B031-6A1F319A6EEB}.Debug|Any CPU.ActiveCfg = Debug|Any CPU
		{8F31B74D-1B49-49D7-B031-6A1F319A6EEB}.Debug|Any CPU.Build.0 = Debug|Any CPU
		{8F31B74D-1B49-49D7-B031-6A1F319A6EEB}.Release|Any CPU.ActiveCfg = Release|Any CPU
		{8F31B74D-1B49-49D7-B031-6A1F319A6EEB}.Release|Any CPU.Build.0 = Release|Any CPU
		{EB1C495E-2D6D-47BD-825B-211AC435F508}.Debug|Any CPU.ActiveCfg = Debug|Any CPU
		{EB1C495E-2D6D-47BD-825B-211AC435F508}.Debug|Any CPU.Build.0 = Debug|Any CPU
		{EB1C495E-2D6D-47BD-825B-211AC435F508}.Release|Any CPU.ActiveCfg = Release|Any CPU
		{EB1C495E-2D6D-47BD-825B-211AC435F508}.Release|Any CPU.Build.0 = Release|Any CPU
		{23B3D0D9-0F5C-4FD7-BA7E-A9E0C53A86C9}.Debug|Any CPU.ActiveCfg = Debug|Any CPU
		{23B3D0D9-0F5C-4FD7-BA7E-A9E0C53A86C9}.Debug|Any CPU.Build.0 = Debug|Any CPU
		{23B3D0D9-0F5C-4FD7-BA7E-A9E0C53A86C9}.Release|Any CPU.ActiveCfg = Release|Any CPU
		{23B3D0D9-0F5C-4FD7-BA7E-A9E0C53A86C9}.Release|Any CPU.Build.0 = Release|Any CPU
		{1BEC8DBC-04F3-4EEA-B3D7-422D80A6ACD1}.Debug|Any CPU.ActiveCfg = Debug|Any CPU
		{1BEC8DBC-04F3-4EEA-B3D7-422D80A6ACD1}.Debug|Any CPU.Build.0 = Debug|Any CPU
		{1BEC8DBC-04F3-4EEA-B3D7-422D80A6ACD1}.Release|Any CPU.ActiveCfg = Release|Any CPU
		{1BEC8DBC-04F3-4EEA-B3D7-422D80A6ACD1}.Release|Any CPU.Build.0 = Release|Any CPU
	EndGlobalSection
	GlobalSection(SolutionProperties) = preSolution
		HideSolutionNode = FALSE
	EndGlobalSection
	GlobalSection(NestedProjects) = preSolution
		{C370F15E-AECD-4558-97F2-14A8A1074A58} = {16417553-3B3A-406B-A62C-1AFCB94C0B2B}
		{084D5BCE-B426-43AA-9CD4-1F512B3CF942} = {C370F15E-AECD-4558-97F2-14A8A1074A58}
		{E448B9FB-32BB-4410-BFE7-5E1F0A84FBC7} = {1D876B50-00F4-4437-AE9D-8AE02F41F1B8}
		{8F31B74D-1B49-49D7-B031-6A1F319A6EEB} = {1D876B50-00F4-4437-AE9D-8AE02F41F1B8}
		{EB1C495E-2D6D-47BD-825B-211AC435F508} = {16417553-3B3A-406B-A62C-1AFCB94C0B2B}
		{23B3D0D9-0F5C-4FD7-BA7E-A9E0C53A86C9} = {16417553-3B3A-406B-A62C-1AFCB94C0B2B}
		{1BEC8DBC-04F3-4EEA-B3D7-422D80A6ACD1} = {900279D5-B077-4F29-8532-A7CB24631098}
	EndGlobalSection
EndGlobal
